
Microsoft Visual Studio Solution File, Format Version 12.00
# Visual Studio Version 16
VisualStudioVersion = 16.0.30907.101
MinimumVisualStudioVersion = 10.0.40219.1
Project("{FAE04EC0-301F-11D3-BF4B-00C04F79EFBC}") = "Ch03FirstResponsiveWebAppAmbroson", "Ch03FirstResponsiveWebAppAmbroson.csproj", "{C97B8C21-979F-4903-AFE7-4843420CC00F}"
EndProject
Global
	GlobalSection(SolutionConfigurationPlatforms) = preSolution
		Debug|Any CPU = Debug|Any CPU
		Release|Any CPU = Release|Any CPU
	EndGlobalSection
	GlobalSection(ProjectConfigurationPlatforms) = postSolution
		{C97B8C21-979F-4903-AFE7-4843420CC00F}.Debug|Any CPU.ActiveCfg = Debug|Any CPU
		{C97B8C21-979F-4903-AFE7-4843420CC00F}.Debug|Any CPU.Build.0 = Debug|Any CPU
		{C97B8C21-979F-4903-AFE7-4843420CC00F}.Release|Any CPU.ActiveCfg = Release|Any CPU
		{C97B8C21-979F-4903-AFE7-4843420CC00F}.Release|Any CPU.Build.0 = Release|Any CPU
	EndGlobalSection
	GlobalSection(SolutionProperties) = preSolution
		HideSolutionNode = FALSE
	EndGlobalSection
	GlobalSection(ExtensibilityGlobals) = postSolution
		SolutionGuid = {ABD18D98-0DEB-4920-A36D-30DCF8CC6114}
	EndGlobalSection
EndGlobal
